// !$*UTF8*$!
{
	archiveVersion = 1;
	classes = {
	};
	objectVersion = 50;
	objects = {

/* Begin PBXBuildFile section */
		1470D3B521420F3C00A3DF3D /* AppDelegate.swift in Sources */ = {isa = PBXBuildFile; fileRef = 1470D3B421420F3C00A3DF3D /* AppDelegate.swift */; };
		1470D3B721420F3C00A3DF3D /* ViewController.swift in Sources */ = {isa = PBXBuildFile; fileRef = 1470D3B621420F3C00A3DF3D /* ViewController.swift */; };
		1470D3BA21420F3C00A3DF3D /* Main.storyboard in Resources */ = {isa = PBXBuildFile; fileRef = 1470D3B821420F3C00A3DF3D /* Main.storyboard */; };
		1470D3BC21420F3F00A3DF3D /* Assets.xcassets in Resources */ = {isa = PBXBuildFile; fileRef = 1470D3BB21420F3F00A3DF3D /* Assets.xcassets */; };
		1470D3BF21420F3F00A3DF3D /* LaunchScreen.storyboard in Resources */ = {isa = PBXBuildFile; fileRef = 1470D3BD21420F3F00A3DF3D /* LaunchScreen.storyboard */; };
		1470D3C721423FDC00A3DF3D /* GenderNet.mlmodel in Sources */ = {isa = PBXBuildFile; fileRef = 1470D3C621423FDC00A3DF3D /* GenderNet.mlmodel */; };
		1470D3C92142492D00A3DF3D /* Resnet50.mlmodel in Sources */ = {isa = PBXBuildFile; fileRef = 1470D3C82142492D00A3DF3D /* Resnet50.mlmodel */; };
		14AEF23921510B1F00111ABC /* Vegetation.mlmodel in Sources */ = {isa = PBXBuildFile; fileRef = 14AEF23821510B1F00111ABC /* Vegetation.mlmodel */; };
		14AEF25F215226AF00111ABC /* CameraButton.swift in Sources */ = {isa = PBXBuildFile; fileRef = 14AEF25E215226AF00111ABC /* CameraButton.swift */; };
/* End PBXBuildFile section */

/* Begin PBXFileReference section */
		1470D3B121420F3C00A3DF3D /* SmartCamera.app */ = {isa = PBXFileReference; explicitFileType = wrapper.application; includeInIndex = 0; path = SmartCamera.app; sourceTree = BUILT_PRODUCTS_DIR; };
		1470D3B421420F3C00A3DF3D /* AppDelegate.swift */ = {isa = PBXFileReference; lastKnownFileType = sourcecode.swift; path = AppDelegate.swift; sourceTree = "<group>"; };
		1470D3B621420F3C00A3DF3D /* ViewController.swift */ = {isa = PBXFileReference; lastKnownFileType = sourcecode.swift; path = ViewController.swift; sourceTree = "<group>"; };
		1470D3B921420F3C00A3DF3D /* Base */ = {isa = PBXFileReference; lastKnownFileType = file.storyboard; name = Base; path = Base.lproj/Main.storyboard; sourceTree = "<group>"; };
		1470D3BB21420F3F00A3DF3D /* Assets.xcassets */ = {isa = PBXFileReference; lastKnownFileType = folder.assetcatalog; path = Assets.xcassets; sourceTree = "<group>"; };
		1470D3BE21420F3F00A3DF3D /* Base */ = {isa = PBXFileReference; lastKnownFileType = file.storyboard; name = Base; path = Base.lproj/LaunchScreen.storyboard; sourceTree = "<group>"; };
		1470D3C021420F3F00A3DF3D /* Info.plist */ = {isa = PBXFileReference; lastKnownFileType = text.plist.xml; path = Info.plist; sourceTree = "<group>"; };
		1470D3C621423FDC00A3DF3D /* GenderNet.mlmodel */ = {isa = PBXFileReference; lastKnownFileType = file.mlmodel; name = GenderNet.mlmodel; path = ../../GenderNet.mlmodel; sourceTree = "<group>"; };
		1470D3C82142492D00A3DF3D /* Resnet50.mlmodel */ = {isa = PBXFileReference; lastKnownFileType = file.mlmodel; name = Resnet50.mlmodel; path = ../../Resnet50.mlmodel; sourceTree = "<group>"; };
		14AEF23821510B1F00111ABC /* Vegetation.mlmodel */ = {isa = PBXFileReference; lastKnownFileType = file.mlmodel; name = Vegetation.mlmodel; path = ../../../Documents/Vegetation.mlmodel; sourceTree = "<group>"; };
		14AEF25E215226AF00111ABC /* CameraButton.swift */ = {isa = PBXFileReference; lastKnownFileType = sourcecode.swift; path = CameraButton.swift; sourceTree = "<group>"; };
/* End PBXFileReference section */

/* Begin PBXFrameworksBuildPhase section */
		1470D3AE21420F3C00A3DF3D /* Frameworks */ = {
			isa = PBXFrameworksBuildPhase;
			buildActionMask = 2147483647;
			files = (
			);
			runOnlyForDeploymentPostprocessing = 0;
		};
/* End PBXFrameworksBuildPhase section */

/* Begin PBXGroup section */
		1470D3A821420F3C00A3DF3D = {
			isa = PBXGroup;
			children = (
				1470D3B321420F3C00A3DF3D /* SmartCamera */,
				1470D3B221420F3C00A3DF3D /* Products */,
			);
			sourceTree = "<group>";
		};
		1470D3B221420F3C00A3DF3D /* Products */ = {
			isa = PBXGroup;
			children = (
				1470D3B121420F3C00A3DF3D /* SmartCamera.app */,
			);
			name = Products;
			sourceTree = "<group>";
		};
		1470D3B321420F3C00A3DF3D /* SmartCamera */ = {
			isa = PBXGroup;
			children = (
				1470D3B421420F3C00A3DF3D /* AppDelegate.swift */,
				1470D3B621420F3C00A3DF3D /* ViewController.swift */,
				1470D3B821420F3C00A3DF3D /* Main.storyboard */,
				1470D3BB21420F3F00A3DF3D /* Assets.xcassets */,
				1470D3BD21420F3F00A3DF3D /* LaunchScreen.storyboard */,
				1470D3C021420F3F00A3DF3D /* Info.plist */,
				1470D3C621423FDC00A3DF3D /* GenderNet.mlmodel */,
				14AEF23821510B1F00111ABC /* Vegetation.mlmodel */,
				1470D3C82142492D00A3DF3D /* Resnet50.mlmodel */,
				14AEF25E215226AF00111ABC /* CameraButton.swift */,
			);
			path = SmartCamera;
			sourceTree = "<group>";
		};
/* End PBXGroup section */

/* Begin PBXNativeTarget section */
		1470D3B021420F3C00A3DF3D /* SmartCamera */ = {
			isa = PBXNativeTarget;
			buildConfigurationList = 1470D3C321420F3F00A3DF3D /* Build configuration list for PBXNativeTarget "SmartCamera" */;
			buildPhases = (
				1470D3AD21420F3C00A3DF3D /* Sources */,
				1470D3AE21420F3C00A3DF3D /* Frameworks */,
				1470D3AF21420F3C00A3DF3D /* Resources */,
			);
			buildRules = (
			);
			dependencies = (
			);
			name = SmartCamera;
			productName = SmartCamera;
			productReference = 1470D3B121420F3C00A3DF3D /* SmartCamera.app */;
			productType = "com.apple.product-type.application";
		};
/* End PBXNativeTarget section */

/* Begin PBXProject section */
		1470D3A921420F3C00A3DF3D /* Project object */ = {
			isa = PBXProject;
			attributes = {
				LastSwiftUpdateCheck = 1000;
				LastUpgradeCheck = 1000;
				ORGANIZATIONNAME = "roshan  singh ";
				TargetAttributes = {
					1470D3B021420F3C00A3DF3D = {
						CreatedOnToolsVersion = 10.0;
					};
				};
			};
			buildConfigurationList = 1470D3AC21420F3C00A3DF3D /* Build configuration list for PBXProject "SmartCamera" */;
			compatibilityVersion = "Xcode 9.3";
			developmentRegion = en;
			hasScannedForEncodings = 0;
			knownRegions = (
				en,
				Base,
			);
			mainGroup = 1470D3A821420F3C00A3DF3D;
			productRefGroup = 1470D3B221420F3C00A3DF3D /* Products */;
			projectDirPath = "";
			projectRoot = "";
			targets = (
				1470D3B021420F3C00A3DF3D /* SmartCamera */,
			);
		};
/* End PBXProject section */

/* Begin PBXResourcesBuildPhase section */
		1470D3AF21420F3C00A3DF3D /* Resources */ = {
			isa = PBXResourcesBuildPhase;
			buildActionMask = 2147483647;
			files = (
				1470D3BF21420F3F00A3DF3D /* LaunchScreen.storyboard in Resources */,
				1470D3BC21420F3F00A3DF3D /* Assets.xcassets in Resources */,
				1470D3BA21420F3C00A3DF3D /* Main.storyboard in Resources */,
			);
			runOnlyForDeploymentPostprocessing = 0;
		};
/* End PBXResourcesBuildPhase section */

/* Begin PBXSourcesBuildPhase section */
		1470D3AD21420F3C00A3DF3D /* Sources */ = {
			isa = PBXSourcesBuildPhase;
			buildActionMask = 2147483647;
			files = (
				1470D3C721423FDC00A3DF3D /* GenderNet.mlmodel in Sources */,
				1470D3B721420F3C00A3DF3D /* ViewController.swift in Sources */,
				14AEF23921510B1F00111ABC /* Vegetation.mlmodel in Sources */,
				1470D3C92142492D00A3DF3D /* Resnet50.mlmodel in Sources */,
				14AEF25F215226AF00111ABC /* CameraButton.swift in Sources */,
				1470D3B521420F3C00A3DF3D /* AppDelegate.swift in Sources */,
			);
			runOnlyForDeploymentPostprocessing = 0;
		};
/* End PBXSourcesBuildPhase section */

/* Begin PBXVariantGroup section */
		1470D3B821420F3C00A3DF3D /* Main.storyboard */ = {
			isa = PBXVariantGroup;
			children = (
				1470D3B921420F3C00A3DF3D /* Base */,
			);
			name = Main.storyboard;
			sourceTree = "<group>";
		};
		1470D3BD21420F3F00A3DF3D /* LaunchScreen.storyboard */ = {
			isa = PBXVariantGroup;
			children = (
				1470D3BE21420F3F00A3DF3D /* Base */,
			);
			name = LaunchScreen.storyboard;
			sourceTree = "<group>";
		};
/* End PBXVariantGroup section */

/* Begin XCBuildConfiguration section */
		1470D3C121420F3F00A3DF3D /* Debug */ = {
			isa = XCBuildConfiguration;
			buildSettings = {
				ALWAYS_SEARCH_USER_PATHS = NO;
				CLANG_ANALYZER_NONNULL = YES;
				CLANG_ANALYZER_NUMBER_OBJECT_CONVERSION = YES_AGGRESSIVE;
				CLANG_CXX_LANGUAGE_STANDARD = "gnu++14";
				CLANG_CXX_LIBRARY = "libc++";
				CLANG_ENABLE_MODULES = YES;
				CLANG_ENABLE_OBJC_ARC = YES;
				CLANG_ENABLE_OBJC_WEAK = YES;
				CLANG_WARN_BLOCK_CAPTURE_AUTORELEASING = YES;
				CLANG_WARN_BOOL_CONVERSION = YES;
				CLANG_WARN_COMMA = YES;
				CLANG_WARN_CONSTANT_CONVERSION = YES;
				CLANG_WARN_DEPRECATED_OBJC_IMPLEMENTATIONS = YES;
				CLANG_WARN_DIRECT_OBJC_ISA_USAGE = YES_ERROR;
				CLANG_WARN_DOCUMENTATION_COMMENTS = YES;
				CLANG_WARN_EMPTY_BODY = YES;
				CLANG_WARN_ENUM_CONVERSION = YES;
				CLANG_WARN_INFINITE_RECURSION = YES;
				CLANG_WARN_INT_CONVERSION = YES;
				CLANG_WARN_NON_LITERAL_NULL_CONVERSION = YES;
				CLANG_WARN_OBJC_IMPLICIT_RETAIN_SELF = YES;
				CLANG_WARN_OBJC_LITERAL_CONVERSION = YES;
				CLANG_WARN_OBJC_ROOT_CLASS = YES_ERROR;
				CLANG_WARN_RANGE_LOOP_ANALYSIS = YES;
				CLANG_WARN_STRICT_PROTOTYPES = YES;
				CLANG_WARN_SUSPICIOUS_MOVE = YES;
				CLANG_WARN_UNGUARDED_AVAILABILITY = YES_AGGRESSIVE;
				CLANG_WARN_UNREACHABLE_CODE = YES;
				CLANG_WARN__DUPLICATE_METHOD_MATCH = YES;
				CODE_SIGN_IDENTITY = "iPhone Developer";
				COPY_PHASE_STRIP = NO;
				DEBUG_INFORMATION_FORMAT = dwarf;
				ENABLE_STRICT_OBJC_MSGSEND = YES;
				ENABLE_TESTABILITY = YES;
				GCC_C_LANGUAGE_STANDARD = gnu11;
				GCC_DYNAMIC_NO_PIC = NO;
				GCC_NO_COMMON_BLOCKS = YES;
				GCC_OPTIMIZATION_LEVEL = 0;
				GCC_PREPROCESSOR_DEFINITIONS = (
					"DEBUG=1",
					"$(inherited)",
				);
				GCC_WARN_64_TO_32_BIT_CONVERSION = YES;
				GCC_WARN_ABOUT_RETURN_TYPE = YES_ERROR;
				GCC_WARN_UNDECLARED_SELECTOR = YES;
				GCC_WARN_UNINITIALIZED_AUTOS = YES_AGGRESSIVE;
				GCC_WARN_UNUSED_FUNCTION = YES;
				GCC_WARN_UNUSED_VARIABLE = YES;
				IPHONEOS_DEPLOYMENT_TARGET = 12.0;
				MTL_ENABLE_DEBUG_INFO = INCLUDE_SOURCE;
				MTL_FAST_MATH = YES;
				ONLY_ACTIVE_ARCH = YES;
				SDKROOT = iphoneos;
				SWIFT_ACTIVE_COMPILATION_CONDITIONS = DEBUG;
				SWIFT_OPTIMIZATION_LEVEL = "-Onone";
			};
			name = Debug;
		};
		1470D3C221420F3F00A3DF3D /* Release */ = {
			isa = XCBuildConfiguration;
			buildSettings = {
				ALWAYS_SEARCH_USER_PATHS = NO;
				CLANG_ANALYZER_NONNULL = YES;
				CLANG_ANALYZER_NUMBER_OBJECT_CONVERSION = YES_AGGRESSIVE;
				CLANG_CXX_LANGUAGE_STANDARD = "gnu++14";
				CLANG_CXX_LIBRARY = "libc++";
				CLANG_ENABLE_MODULES = YES;
				CLANG_ENABLE_OBJC_ARC = YES;
				CLANG_ENABLE_OBJC_WEAK = YES;
				CLANG_WARN_BLOCK_CAPTURE_AUTORELEASING = YES;
				CLANG_WARN_BOOL_CONVERSION = YES;
				CLANG_WARN_COMMA = YES;
				CLANG_WARN_CONSTANT_CONVERSION = YES;
				CLANG_WARN_DEPRECATED_OBJC_IMPLEMENTATIONS = YES;
				CLANG_WARN_DIRECT_OBJC_ISA_USAGE = YES_ERROR;
				CLANG_WARN_DOCUMENTATION_COMMENTS = YES;
				CLANG_WARN_EMPTY_BODY = YES;
				CLANG_WARN_ENUM_CONVERSION = YES;
				CLANG_WARN_INFINITE_RECURSION = YES;
				CLANG_WARN_INT_CONVERSION = YES;
				CLANG_WARN_NON_LITERAL_NULL_CONVERSION = YES;
				CLANG_WARN_OBJC_IMPLICIT_RETAIN_SELF = YES;
				CLANG_WARN_OBJC_LITERAL_CONVERSION = YES;
				CLANG_WARN_OBJC_ROOT_CLASS = YES_ERROR;
				CLANG_WARN_RANGE_LOOP_ANALYSIS = YES;
				CLANG_WARN_STRICT_PROTOTYPES = YES;
				CLANG_WARN_SUSPICIOUS_MOVE = YES;
				CLANG_WARN_UNGUARDED_AVAILABILITY = YES_AGGRESSIVE;
				CLANG_WARN_UNREACHABLE_CODE = YES;
				CLANG_WARN__DUPLICATE_METHOD_MATCH = YES;
				CODE_SIGN_IDENTITY = "iPhone Developer";
				COPY_PHASE_STRIP = NO;
				DEBUG_INFORMATION_FORMAT = "dwarf-with-dsym";
				ENABLE_NS_ASSERTIONS = NO;
				ENABLE_STRICT_OBJC_MSGSEND = YES;
				GCC_C_LANGUAGE_STANDARD = gnu11;
				GCC_NO_COMMON_BLOCKS = YES;
				GCC_WARN_64_TO_32_BIT_CONVERSION = YES;
				GCC_WARN_ABOUT_RETURN_TYPE = YES_ERROR;
				GCC_WARN_UNDECLARED_SELECTOR = YES;
				GCC_WARN_UNINITIALIZED_AUTOS = YES_AGGRESSIVE;
				GCC_WARN_UNUSED_FUNCTION = YES;
				GCC_WARN_UNUSED_VARIABLE = YES;
				IPHONEOS_DEPLOYMENT_TARGET = 12.0;
				MTL_ENABLE_DEBUG_INFO = NO;
				MTL_FAST_MATH = YES;
				SDKROOT = iphoneos;
				SWIFT_COMPILATION_MODE = wholemodule;
				SWIFT_OPTIMIZATION_LEVEL = "-O";
				VALIDATE_PRODUCT = YES;
			};
			name = Release;
		};
		1470D3C421420F3F00A3DF3D /* Debug */ = {
			isa = XCBuildConfiguration;
			buildSettings = {
				ASSETCATALOG_COMPILER_APPICON_NAME = AppIcon;
				CODE_SIGN_STYLE = Automatic;
				DEVELOPMENT_TEAM = 7TSP9DBMZ4;
				INFOPLIST_FILE = SmartCamera/Info.plist;
				LD_RUNPATH_SEARCH_PATHS = (
					"$(inherited)",
					"@executable_path/Frameworks",
				);
				PRODUCT_BUNDLE_IDENTIFIER = com.roshan.example.SmartCamera;
				PRODUCT_NAME = "$(TARGET_NAME)";
				SWIFT_VERSION = 4.2;
				TARGETED_DEVICE_FAMILY = 2;
			};
			name = Debug;
		};
		1470D3C521420F3F00A3DF3D /* Release */ = {
			isa = XCBuildConfiguration;
			buildSettings = {
				ASSETCATALOG_COMPILER_APPICON_NAME = AppIcon;
				CODE_SIGN_STYLE = Automatic;
				DEVELOPMENT_TEAM = 7TSP9DBMZ4;
				INFOPLIST_FILE = SmartCamera/Info.plist;
				LD_RUNPATH_SEARCH_PATHS = (
					"$(inherited)",
					"@executable_path/Frameworks",
				);
				PRODUCT_BUNDLE_IDENTIFIER = com.roshan.example.SmartCamera;
				PRODUCT_NAME = "$(TARGET_NAME)";
				SWIFT_VERSION = 4.2;
				TARGETED_DEVICE_FAMILY = 2;
			};
			name = Release;
		};
/* End XCBuildConfiguration section */

/* Begin XCConfigurationList section */
		1470D3AC21420F3C00A3DF3D /* Build configuration list for PBXProject "SmartCamera" */ = {
			isa = XCConfigurationList;
			buildConfigurations = (
				1470D3C121420F3F00A3DF3D /* Debug */,
				1470D3C221420F3F00A3DF3D /* Release */,
			);
			defaultConfigurationIsVisible = 0;
			defaultConfigurationName = Release;
		};
		1470D3C321420F3F00A3DF3D /* Build configuration list for PBXNativeTarget "SmartCamera" */ = {
			isa = XCConfigurationList;
			buildConfigurations = (
				1470D3C421420F3F00A3DF3D /* Debug */,
				1470D3C521420F3F00A3DF3D /* Release */,
			);
			defaultConfigurationIsVisible = 0;
			defaultConfigurationName = Release;
		};
/* End XCConfigurationList section */
	};
	rootObject = 1470D3A921420F3C00A3DF3D /* Project object */;
}
